{
  "name": "vue-rest",
  "version": "0.1.3",
  "lockfileVersion": 1,
  "requires": true,
  "dependencies": {
    "axios": {
      "version": "0.18.0",
      "resolved": "https://registry.npmjs.org/axios/-/axios-0.18.0.tgz",
      "integrity": "sha1-MtU+SFHv3AoRmTts0AB4nXDAUQI=",
      "dev": true,
      "requires": {
        "follow-redirects": "1.5.1",
        "is-buffer": "1.1.6"
      }
    },
    "debug": {
      "version": "3.1.0",
      "resolved": "https://registry.npmjs.org/debug/-/debug-3.1.0.tgz",
      "integrity": "sha512-OX8XqP7/1a9cqkxYw2yXss15f26NKWBpDXQd0/uK/KPqdQhxbPa994hnzjcE2VqQpDslf55723cKPUOGSmMY3g==",
      "dev": true,
      "requires": {
        "ms": "2.0.0"
      }
    },
    "follow-redirects": {
      "version": "1.5.1",
      "resolved": "https://registry.npmjs.org/follow-redirects/-/follow-redirects-1.5.1.tgz",
      "integrity": "sha512-v9GI1hpaqq1ZZR6pBD1+kI7O24PhDvNGNodjS3MdcEqyrahCp8zbtpv+2B/krUnSmUH80lbAS7MrdeK5IylgKg==",
      "dev": true,
      "requires": {
        "debug": "3.1.0"
      }
    },
    "is-buffer": {
      "version": "1.1.6",
      "resolved": "https://registry.npmjs.org/is-buffer/-/is-buffer-1.1.6.tgz",
      "integrity": "sha512-NcdALwpXkTm5Zvvbk7owOUSvVvBKDgKP5/ewfXEznmQFfs4ZRmanOeKBTjRVjka3QFoN6XJ+9F3USqfHqTaU5w==",
      "dev": true
    },
    "ms": {
      "version": "2.0.0",
      "resolved": "https://registry.npmjs.org/ms/-/ms-2.0.0.tgz",
      "integrity": "sha1-VgiurfwAvmwpAd9fmGF4jeDVl8g=",
      "dev": true
    },
    "throttle-debounce": {
      "version": "2.0.1",
      "resolved": "https://registry.npmjs.org/throttle-debounce/-/throttle-debounce-2.0.1.tgz",
      "integrity": "sha512-Sr6jZBlWShsAaSXKyNXyNicOrJW/KtkDqIEwHt4wYwWA2wa/q67Luhqoujg48V8hTk60wB56tYrJJn6jc2R7VA=="
    },
    "vue": {
      "version": "2.5.16",
      "resolved": "https://registry.npmjs.org/vue/-/vue-2.5.16.tgz",
      "integrity": "sha512-/ffmsiVuPC8PsWcFkZngdpas19ABm5mh2wA7iDqcltyCTwlgZjHGeJYOXkBMo422iPwIcviOtrTCUpSfXmToLQ=="
    },
    "vue-apollo": {
      "version": "3.0.0-beta.19",
      "resolved": "https://registry.npmjs.org/vue-apollo/-/vue-apollo-3.0.0-beta.19.tgz",
      "integrity": "sha512-xmsP7kLKqzmK1ha1E+5PikCh2O5etVCkYt2z1t5muTA2IudEz5OEqA6xLHJGEAGnwBoTzZS+3nYx+OPUBwddtQ==",
      "requires": {
        "throttle-debounce": "2.0.1"
      }
    },
    "vue-i18n": {
      "version": "8.0.0",
      "resolved": "https://registry.npmjs.org/vue-i18n/-/vue-i18n-8.0.0.tgz",
      "integrity": "sha512-Xi4xQEhL96zqXfPcfEM8Dusqmxu2jJBR88t+KGCxT7WoeDa7YHFtN7tauf9ZJQQEKt9kT6PH1+krVMB8tnl7TA=="
    }
  }
}
